<Solution>
  <Project Path="L00_Testing/L00_Testing.csproj" />
  <Project Path="L01_StaticClassesAndMethods/L01_StaticClassesAndMethods.csproj" />
  <Project Path="L02_StaticClassAttributes/L02_StaticClassAttributes.csproj" />
  <Project Path="L03_GettersAndSetters/L03_GettersAndSetters.csproj" />
  <Project Path="L04_Inheritance/L04_Inheritance.csproj" />
  <Project Path="L05_Polymorphism/L05_Polymorphism.csproj" />
  <Project Path="L06_Polymorphism-BankAccount/L06_Polymorphism-BankAccount.csproj" />
  <Project Path="L07_AbstractOrVirtualMethod_TLS/L07_AbstractOrVirtualMethod.csproj" Id="f64bb374-fdc3-4e32-a369-e04347375461" />
  <Project Path="L08_ConstructorInheritance/L08_ConstructorChaining.csproj" Id="8838aacf-37fa-4259-943b-f76929d5d5ef" />
  <Project Path="L09_MethodOverloading/L09_MethodOverloading.csproj" Id="cf20e726-7521-42df-b023-13625bc91fef" />
</Solution>
